{
  "name": "mr-test",
  "version": "1.0.0",
  "lockfileVersion": 3,
  "requires": true,
  "packages": {
    "": {
      "name": "mr-test",
      "version": "1.0.0",
      "dependencies": {
        "babylonjs": "^7.53.0",
        "babylonjs-gui": "^7.53.0",
        "babylonjs-loaders": "^7.53.0",
        "babylonjs-materials": "^7.53.0",
        "three": "^0.174.0"
      }
    },
    "node_modules/babylonjs": {
      "version": "7.53.0",
      "resolved": "https://registry.npmjs.org/babylonjs/-/babylonjs-7.53.0.tgz",
      "integrity": "sha512-qUOszp6q0T3CYOf6/AWqgSS2mJxKYSpN5lwIsXuTC/W+G/HNgVQo/0gDrBZaJQeZEn3CbjzQwodz7uKo0AJ0Qw==",
      "hasInstallScript": true
    },
    "node_modules/babylonjs-gltf2interface": {
      "version": "7.53.0",
      "resolved": "https://registry.npmjs.org/babylonjs-gltf2interface/-/babylonjs-gltf2interface-7.53.0.tgz",
      "integrity": "sha512-ZO7iXWKZHb/5a5BuyS0nhLth0nBiAUjfBHmFigH6nkkrMM/6XInng3KUDi7d9A6ZYa11LgFT6JlOmAP6J729Vw=="
    },
    "node_modules/babylonjs-gui": {
      "version": "7.53.0",
      "resolved": "https://registry.npmjs.org/babylonjs-gui/-/babylonjs-gui-7.53.0.tgz",
      "integrity": "sha512-PQMoGuQbPMavZi7tS+nB+7g3k5OslsSiVdXf+AZcRCDTds/kGa+lGNoA+2CN9GV4jT8qhrwF3E+5vU1zUsYltQ==",
      "dependencies": {
        "babylonjs": "^7.53.0"
      }
    },
    "node_modules/babylonjs-loaders": {
      "version": "7.53.0",
      "resolved": "https://registry.npmjs.org/babylonjs-loaders/-/babylonjs-loaders-7.53.0.tgz",
      "integrity": "sha512-WwOgQJWs94eXnm65Seorwhvfr3enYkXZvrALDMdyD2Ck8oKzB2L707B925D+/XFqVNpWfkUNbgXzvV5zMBVJ3w==",
      "dependencies": {
        "babylonjs": "^7.53.0",
        "babylonjs-gltf2interface": "^7.53.0"
      }
    },
    "node_modules/babylonjs-materials": {
      "version": "7.53.0",
      "resolved": "https://registry.npmjs.org/babylonjs-materials/-/babylonjs-materials-7.53.0.tgz",
      "integrity": "sha512-gUD9deDL/ZGHl17MRrWO79bykkZKkbE1zlftYdpj0pSdyXbwCO9IKOzaxMoQQNxDoQmi2vtzFhDk8THLYt0Dyg==",
      "dependencies": {
        "babylonjs": "^7.53.0"
      }
    },
    "node_modules/three": {
      "version": "0.174.0",
      "resolved": "https://registry.npmjs.org/three/-/three-0.174.0.tgz",
      "integrity": "sha512-p+WG3W6Ov74alh3geCMkGK9NWuT62ee21cV3jEnun201zodVF4tCE5aZa2U122/mkLRmhJJUQmLLW1BH00uQJQ=="
    }
  }
}
